
Microsoft Visual Studio Solution File, Format Version 12.00
# Visual Studio 15
VisualStudioVersion = 15.0.28307.136
MinimumVisualStudioVersion = 10.0.40219.1
Project("{9A19103F-16F7-4668-BE54-9A1E7A4F7556}") = "DotNetSortRefs", "DotNetSortRefs\DotNetSortRefs.csproj", "{18F8C228-6832-4F8F-B629-79A368B23339}"
EndProject
Global
	GlobalSection(SolutionConfigurationPlatforms) = preSolution
		Debug|Any CPU = Debug|Any CPU
		Release|Any CPU = Release|Any CPU
	EndGlobalSection
	GlobalSection(ProjectConfigurationPlatforms) = postSolution
		{18F8C228-6832-4F8F-B629-79A368B23339}.Debug|Any CPU.ActiveCfg = Debug|Any CPU
		{18F8C228-6832-4F8F-B629-79A368B23339}.Debug|Any CPU.Build.0 = Debug|Any CPU
		{18F8C228-6832-4F8F-B629-79A368B23339}.Release|Any CPU.ActiveCfg = Release|Any CPU
		{18F8C228-6832-4F8F-B629-79A368B23339}.Release|Any CPU.Build.0 = Release|Any CPU
	EndGlobalSection
	GlobalSection(SolutionProperties) = preSolution
		HideSolutionNode = FALSE
	EndGlobalSection
	GlobalSection(ExtensibilityGlobals) = postSolution
		SolutionGuid = {08399582-339B-4DBF-847C-2603C9AE098C}
	EndGlobalSection
EndGlobal
